
Microsoft Visual Studio Solution File, Format Version 12.00
# Visual Studio 15
VisualStudioVersion = 15.0.28307.757
MinimumVisualStudioVersion = 10.0.40219.1
Project("{FAE04EC0-301F-11D3-BF4B-00C04F79EFBC}") = "BasicProject", "BasicProject\BasicProject.csproj", "{7A59D139-D1F3-4B86-B65D-C2DDA1097729}"
EndProject
Project("{FAE04EC0-301F-11D3-BF4B-00C04F79EFBC}") = "BasicProject.Services", "BasicProject.Services\BasicProject.Services.csproj", "{96F18969-E6DB-47D5-ADED-30CA10E85445}"
EndProject
Project("{FAE04EC0-301F-11D3-BF4B-00C04F79EFBC}") = "BasicProject.Persistence", "BasicProject.Persistence\BasicProject.Persistence.csproj", "{0DF54F9C-070B-4263-9149-31D6248E44D0}"
EndProject
Project("{FAE04EC0-301F-11D3-BF4B-00C04F79EFBC}") = "BasicProject.Entity", "BasicProject.Entity\BasicProject.Entity.csproj", "{DC576133-B92C-4330-A119-3C1E3981860C}"
EndProject
Global
	GlobalSection(SolutionConfigurationPlatforms) = preSolution
		Debug|Any CPU = Debug|Any CPU
		Release|Any CPU = Release|Any CPU
	EndGlobalSection
	GlobalSection(ProjectConfigurationPlatforms) = postSolution
		{7A59D139-D1F3-4B86-B65D-C2DDA1097729}.Debug|Any CPU.ActiveCfg = Debug|Any CPU
		{7A59D139-D1F3-4B86-B65D-C2DDA1097729}.Debug|Any CPU.Build.0 = Debug|Any CPU
		{7A59D139-D1F3-4B86-B65D-C2DDA1097729}.Release|Any CPU.ActiveCfg = Release|Any CPU
		{7A59D139-D1F3-4B86-B65D-C2DDA1097729}.Release|Any CPU.Build.0 = Release|Any CPU
		{96F18969-E6DB-47D5-ADED-30CA10E85445}.Debug|Any CPU.ActiveCfg = Debug|Any CPU
		{96F18969-E6DB-47D5-ADED-30CA10E85445}.Debug|Any CPU.Build.0 = Debug|Any CPU
		{96F18969-E6DB-47D5-ADED-30CA10E85445}.Release|Any CPU.ActiveCfg = Release|Any CPU
		{96F18969-E6DB-47D5-ADED-30CA10E85445}.Release|Any CPU.Build.0 = Release|Any CPU
		{0DF54F9C-070B-4263-9149-31D6248E44D0}.Debug|Any CPU.ActiveCfg = Debug|Any CPU
		{0DF54F9C-070B-4263-9149-31D6248E44D0}.Debug|Any CPU.Build.0 = Debug|Any CPU
		{0DF54F9C-070B-4263-9149-31D6248E44D0}.Release|Any CPU.ActiveCfg = Release|Any CPU
		{0DF54F9C-070B-4263-9149-31D6248E44D0}.Release|Any CPU.Build.0 = Release|Any CPU
		{DC576133-B92C-4330-A119-3C1E3981860C}.Debug|Any CPU.ActiveCfg = Debug|Any CPU
		{DC576133-B92C-4330-A119-3C1E3981860C}.Debug|Any CPU.Build.0 = Debug|Any CPU
		{DC576133-B92C-4330-A119-3C1E3981860C}.Release|Any CPU.ActiveCfg = Release|Any CPU
		{DC576133-B92C-4330-A119-3C1E3981860C}.Release|Any CPU.Build.0 = Release|Any CPU
	EndGlobalSection
	GlobalSection(SolutionProperties) = preSolution
		HideSolutionNode = FALSE
	EndGlobalSection
	GlobalSection(ExtensibilityGlobals) = postSolution
		SolutionGuid = {370382FF-9075-461F-86FA-267F16A1DE78}
	EndGlobalSection
EndGlobal
